
Microsoft Visual Studio Solution File, Format Version 12.00
# Visual Studio Version 17
VisualStudioVersion = 17.2.32616.157
MinimumVisualStudioVersion = 10.0.40219.1
Project("{FAE04EC0-301F-11D3-BF4B-00C04F79EFBC}") = "TicTacToe", "TicTacToe.csproj", "{4AACE552-4E78-45B3-9973-7E9BEC4D4BDF}"
EndProject
Global
	GlobalSection(SolutionConfigurationPlatforms) = preSolution
		Debug|Any CPU = Debug|Any CPU
		Release|Any CPU = Release|Any CPU
	EndGlobalSection
	GlobalSection(ProjectConfigurationPlatforms) = postSolution
		{4AACE552-4E78-45B3-9973-7E9BEC4D4BDF}.Debug|Any CPU.ActiveCfg = Debug|Any CPU
		{4AACE552-4E78-45B3-9973-7E9BEC4D4BDF}.Debug|Any CPU.Build.0 = Debug|Any CPU
		{4AACE552-4E78-45B3-9973-7E9BEC4D4BDF}.Release|Any CPU.ActiveCfg = Release|Any CPU
		{4AACE552-4E78-45B3-9973-7E9BEC4D4BDF}.Release|Any CPU.Build.0 = Release|Any CPU
	EndGlobalSection
	GlobalSection(SolutionProperties) = preSolution
		HideSolutionNode = FALSE
	EndGlobalSection
	GlobalSection(ExtensibilityGlobals) = postSolution
		SolutionGuid = {14C7CE28-4263-47A7-AFBB-25151A77BB86}
	EndGlobalSection
EndGlobal
