
Microsoft Visual Studio Solution File, Format Version 12.00
# Visual Studio Version 17
VisualStudioVersion = 17.1.32421.90
MinimumVisualStudioVersion = 10.0.40219.1
Project("{FAE04EC0-301F-11D3-BF4B-00C04F79EFBC}") = "ExerciseTwo", "ExerciseTwo.csproj", "{D85EE29B-9E3B-4762-8A32-39F94359E4DD}"
EndProject
Global
	GlobalSection(SolutionConfigurationPlatforms) = preSolution
		Debug|Any CPU = Debug|Any CPU
		Release|Any CPU = Release|Any CPU
	EndGlobalSection
	GlobalSection(ProjectConfigurationPlatforms) = postSolution
		{D85EE29B-9E3B-4762-8A32-39F94359E4DD}.Debug|Any CPU.ActiveCfg = Debug|Any CPU
		{D85EE29B-9E3B-4762-8A32-39F94359E4DD}.Debug|Any CPU.Build.0 = Debug|Any CPU
		{D85EE29B-9E3B-4762-8A32-39F94359E4DD}.Release|Any CPU.ActiveCfg = Release|Any CPU
		{D85EE29B-9E3B-4762-8A32-39F94359E4DD}.Release|Any CPU.Build.0 = Release|Any CPU
	EndGlobalSection
	GlobalSection(SolutionProperties) = preSolution
		HideSolutionNode = FALSE
	EndGlobalSection
	GlobalSection(ExtensibilityGlobals) = postSolution
		SolutionGuid = {14BB86B1-C09E-4001-8892-43A32956F0A7}
	EndGlobalSection
EndGlobal
