
Microsoft Visual Studio Solution File, Format Version 12.00
# Visual Studio Version 17
VisualStudioVersion = 17.3.32708.82
MinimumVisualStudioVersion = 10.0.40219.1
Project("{FAE04EC0-301F-11D3-BF4B-00C04F79EFBC}") = "LevelOne", "LevelOne\LevelOne.csproj", "{226D9B89-5BA6-47FF-B607-2702C0881C6B}"
EndProject
Project("{FAE04EC0-301F-11D3-BF4B-00C04F79EFBC}") = "levelTwo", "levelTwo\levelTwo.csproj", "{DC700660-8FAB-46C9-8383-3C05016163DB}"
EndProject
Global
	GlobalSection(SolutionConfigurationPlatforms) = preSolution
		Debug|Any CPU = Debug|Any CPU
		Release|Any CPU = Release|Any CPU
	EndGlobalSection
	GlobalSection(ProjectConfigurationPlatforms) = postSolution
		{226D9B89-5BA6-47FF-B607-2702C0881C6B}.Debug|Any CPU.ActiveCfg = Debug|Any CPU
		{226D9B89-5BA6-47FF-B607-2702C0881C6B}.Debug|Any CPU.Build.0 = Debug|Any CPU
		{226D9B89-5BA6-47FF-B607-2702C0881C6B}.Release|Any CPU.ActiveCfg = Release|Any CPU
		{226D9B89-5BA6-47FF-B607-2702C0881C6B}.Release|Any CPU.Build.0 = Release|Any CPU
		{DC700660-8FAB-46C9-8383-3C05016163DB}.Debug|Any CPU.ActiveCfg = Debug|Any CPU
		{DC700660-8FAB-46C9-8383-3C05016163DB}.Debug|Any CPU.Build.0 = Debug|Any CPU
		{DC700660-8FAB-46C9-8383-3C05016163DB}.Release|Any CPU.ActiveCfg = Release|Any CPU
		{DC700660-8FAB-46C9-8383-3C05016163DB}.Release|Any CPU.Build.0 = Release|Any CPU
	EndGlobalSection
	GlobalSection(SolutionProperties) = preSolution
		HideSolutionNode = FALSE
	EndGlobalSection
	GlobalSection(ExtensibilityGlobals) = postSolution
		SolutionGuid = {3A191A07-B513-47F4-A830-299A63F4B0BA}
	EndGlobalSection
EndGlobal
