
Microsoft Visual Studio Solution File, Format Version 12.00
# Visual Studio Version 17
VisualStudioVersion = 17.2.32519.379
MinimumVisualStudioVersion = 10.0.40219.1
Project("{FAE04EC0-301F-11D3-BF4B-00C04F79EFBC}") = "OopTest", "OopTest\OopTest.csproj", "{20DBC732-93B8-4B05-B5AA-911A9570E5E3}"
EndProject
Project("{FAE04EC0-301F-11D3-BF4B-00C04F79EFBC}") = "ClassLibrary1", "ClassLibrary1\ClassLibrary1.csproj", "{FDCF93A6-79AB-41C7-99A9-7834BB88D4E6}"
EndProject
Global
	GlobalSection(SolutionConfigurationPlatforms) = preSolution
		Debug|Any CPU = Debug|Any CPU
		Release|Any CPU = Release|Any CPU
	EndGlobalSection
	GlobalSection(ProjectConfigurationPlatforms) = postSolution
		{20DBC732-93B8-4B05-B5AA-911A9570E5E3}.Debug|Any CPU.ActiveCfg = Debug|Any CPU
		{20DBC732-93B8-4B05-B5AA-911A9570E5E3}.Debug|Any CPU.Build.0 = Debug|Any CPU
		{20DBC732-93B8-4B05-B5AA-911A9570E5E3}.Release|Any CPU.ActiveCfg = Release|Any CPU
		{20DBC732-93B8-4B05-B5AA-911A9570E5E3}.Release|Any CPU.Build.0 = Release|Any CPU
		{FDCF93A6-79AB-41C7-99A9-7834BB88D4E6}.Debug|Any CPU.ActiveCfg = Debug|Any CPU
		{FDCF93A6-79AB-41C7-99A9-7834BB88D4E6}.Debug|Any CPU.Build.0 = Debug|Any CPU
		{FDCF93A6-79AB-41C7-99A9-7834BB88D4E6}.Release|Any CPU.ActiveCfg = Release|Any CPU
		{FDCF93A6-79AB-41C7-99A9-7834BB88D4E6}.Release|Any CPU.Build.0 = Release|Any CPU
	EndGlobalSection
	GlobalSection(SolutionProperties) = preSolution
		HideSolutionNode = FALSE
	EndGlobalSection
	GlobalSection(ExtensibilityGlobals) = postSolution
		SolutionGuid = {7A93ACBB-1D70-42CC-A7AC-B4A0E364DB80}
	EndGlobalSection
EndGlobal
