
Microsoft Visual Studio Solution File, Format Version 12.00
Project("{FAE04EC0-301F-11D3-BF4B-00C04F79EFBC}") = "Api", "Api\Api.csproj", "{9716A89D-8858-4B16-BF2B-36B4EC5E2209}"
EndProject
Global
	GlobalSection(SolutionConfigurationPlatforms) = preSolution
		Debug|Any CPU = Debug|Any CPU
		Release|Any CPU = Release|Any CPU
	EndGlobalSection
	GlobalSection(ProjectConfigurationPlatforms) = postSolution
		{9716A89D-8858-4B16-BF2B-36B4EC5E2209}.Debug|Any CPU.ActiveCfg = Debug|Any CPU
		{9716A89D-8858-4B16-BF2B-36B4EC5E2209}.Debug|Any CPU.Build.0 = Debug|Any CPU
		{9716A89D-8858-4B16-BF2B-36B4EC5E2209}.Release|Any CPU.ActiveCfg = Release|Any CPU
		{9716A89D-8858-4B16-BF2B-36B4EC5E2209}.Release|Any CPU.Build.0 = Release|Any CPU
	EndGlobalSection
EndGlobal
