
Microsoft Visual Studio Solution File, Format Version 12.00
# Visual Studio Version 17
VisualStudioVersion = 17.2.32616.157
MinimumVisualStudioVersion = 10.0.40219.1
Project("{FAE04EC0-301F-11D3-BF4B-00C04F79EFBC}") = "JsonExercise", "JsonExercise.csproj", "{F22B2B56-6B3C-4126-8644-4A9FA4A69C3A}"
EndProject
Global
	GlobalSection(SolutionConfigurationPlatforms) = preSolution
		Debug|Any CPU = Debug|Any CPU
		Release|Any CPU = Release|Any CPU
	EndGlobalSection
	GlobalSection(ProjectConfigurationPlatforms) = postSolution
		{F22B2B56-6B3C-4126-8644-4A9FA4A69C3A}.Debug|Any CPU.ActiveCfg = Debug|Any CPU
		{F22B2B56-6B3C-4126-8644-4A9FA4A69C3A}.Debug|Any CPU.Build.0 = Debug|Any CPU
		{F22B2B56-6B3C-4126-8644-4A9FA4A69C3A}.Release|Any CPU.ActiveCfg = Release|Any CPU
		{F22B2B56-6B3C-4126-8644-4A9FA4A69C3A}.Release|Any CPU.Build.0 = Release|Any CPU
	EndGlobalSection
	GlobalSection(SolutionProperties) = preSolution
		HideSolutionNode = FALSE
	EndGlobalSection
	GlobalSection(ExtensibilityGlobals) = postSolution
		SolutionGuid = {089131E3-F83A-495A-A907-3C62C5A7F352}
	EndGlobalSection
EndGlobal
